
Microsoft Visual Studio Solution File, Format Version 12.00
# Visual Studio 15
VisualStudioVersion = 15.0.27004.2010
MinimumVisualStudioVersion = 10.0.40219.1
Project("{FAE04EC0-301F-11D3-BF4B-00C04F79EFBC}") = "SendEmails.Web", "SendEmails.Web\SendEmails.Web.csproj", "{ECC00622-C433-4623-8FCB-0F38096B0975}"
EndProject
Project("{FAE04EC0-301F-11D3-BF4B-00C04F79EFBC}") = "SendEmails.Api", "SendEmails.Api\SendEmails.Api.csproj", "{C6266466-7D5A-4A91-B93B-10961A282AB2}"
EndProject
Project("{FAE04EC0-301F-11D3-BF4B-00C04F79EFBC}") = "SendEmails.Core", "SendEmails.Core\SendEmails.Core.csproj", "{5DD2AED9-591F-4234-9600-C1634339E228}"
EndProject
Project("{FAE04EC0-301F-11D3-BF4B-00C04F79EFBC}") = "SendEmails.Infrastructure", "SendEmails.Infrastructure\SendEmails.Infrastructure.csproj", "{A2A5F96E-A12E-4F43-9D94-9F50F69DD3DD}"
EndProject
Project("{FAE04EC0-301F-11D3-BF4B-00C04F79EFBC}") = "SendMails.Tests", "SendMails.Tests\SendMails.Tests.csproj", "{8BC3D994-6F88-4691-A15E-940262E40954}"
EndProject
Global
	GlobalSection(SolutionConfigurationPlatforms) = preSolution
		Debug|Any CPU = Debug|Any CPU
		Release|Any CPU = Release|Any CPU
	EndGlobalSection
	GlobalSection(ProjectConfigurationPlatforms) = postSolution
		{ECC00622-C433-4623-8FCB-0F38096B0975}.Debug|Any CPU.ActiveCfg = Debug|Any CPU
		{ECC00622-C433-4623-8FCB-0F38096B0975}.Debug|Any CPU.Build.0 = Debug|Any CPU
		{ECC00622-C433-4623-8FCB-0F38096B0975}.Release|Any CPU.ActiveCfg = Release|Any CPU
		{ECC00622-C433-4623-8FCB-0F38096B0975}.Release|Any CPU.Build.0 = Release|Any CPU
		{C6266466-7D5A-4A91-B93B-10961A282AB2}.Debug|Any CPU.ActiveCfg = Debug|Any CPU
		{C6266466-7D5A-4A91-B93B-10961A282AB2}.Debug|Any CPU.Build.0 = Debug|Any CPU
		{C6266466-7D5A-4A91-B93B-10961A282AB2}.Release|Any CPU.ActiveCfg = Release|Any CPU
		{C6266466-7D5A-4A91-B93B-10961A282AB2}.Release|Any CPU.Build.0 = Release|Any CPU
		{5DD2AED9-591F-4234-9600-C1634339E228}.Debug|Any CPU.ActiveCfg = Debug|Any CPU
		{5DD2AED9-591F-4234-9600-C1634339E228}.Debug|Any CPU.Build.0 = Debug|Any CPU
		{5DD2AED9-591F-4234-9600-C1634339E228}.Release|Any CPU.ActiveCfg = Release|Any CPU
		{5DD2AED9-591F-4234-9600-C1634339E228}.Release|Any CPU.Build.0 = Release|Any CPU
		{A2A5F96E-A12E-4F43-9D94-9F50F69DD3DD}.Debug|Any CPU.ActiveCfg = Debug|Any CPU
		{A2A5F96E-A12E-4F43-9D94-9F50F69DD3DD}.Debug|Any CPU.Build.0 = Debug|Any CPU
		{A2A5F96E-A12E-4F43-9D94-9F50F69DD3DD}.Release|Any CPU.ActiveCfg = Release|Any CPU
		{A2A5F96E-A12E-4F43-9D94-9F50F69DD3DD}.Release|Any CPU.Build.0 = Release|Any CPU
		{8BC3D994-6F88-4691-A15E-940262E40954}.Debug|Any CPU.ActiveCfg = Debug|Any CPU
		{8BC3D994-6F88-4691-A15E-940262E40954}.Debug|Any CPU.Build.0 = Debug|Any CPU
		{8BC3D994-6F88-4691-A15E-940262E40954}.Release|Any CPU.ActiveCfg = Release|Any CPU
		{8BC3D994-6F88-4691-A15E-940262E40954}.Release|Any CPU.Build.0 = Release|Any CPU
	EndGlobalSection
	GlobalSection(SolutionProperties) = preSolution
		HideSolutionNode = FALSE
	EndGlobalSection
	GlobalSection(ExtensibilityGlobals) = postSolution
		SolutionGuid = {78C5359D-6021-4DF8-911F-4E14AF19D86A}
	EndGlobalSection
EndGlobal
